
Microsoft Visual Studio Solution File, Format Version 12.00
# Visual Studio 15
VisualStudioVersion = 15.0.27130.2027
MinimumVisualStudioVersion = 10.0.40219.1
Project("{FAE04EC0-301F-11D3-BF4B-00C04F79EFBC}") = "Formation_CSharp", "Formation_CSharp\Formation_CSharp.csproj", "{8A8CBF2B-BAA2-451D-B5D7-28564378881B}"
EndProject
Global
	GlobalSection(SolutionConfigurationPlatforms) = preSolution
		Debug|Any CPU = Debug|Any CPU
		Release|Any CPU = Release|Any CPU
	EndGlobalSection
	GlobalSection(ProjectConfigurationPlatforms) = postSolution
		{8A8CBF2B-BAA2-451D-B5D7-28564378881B}.Debug|Any CPU.ActiveCfg = Debug|Any CPU
		{8A8CBF2B-BAA2-451D-B5D7-28564378881B}.Debug|Any CPU.Build.0 = Debug|Any CPU
		{8A8CBF2B-BAA2-451D-B5D7-28564378881B}.Release|Any CPU.ActiveCfg = Release|Any CPU
		{8A8CBF2B-BAA2-451D-B5D7-28564378881B}.Release|Any CPU.Build.0 = Release|Any CPU
	EndGlobalSection
	GlobalSection(SolutionProperties) = preSolution
		HideSolutionNode = FALSE
	EndGlobalSection
	GlobalSection(ExtensibilityGlobals) = postSolution
		SolutionGuid = {E2897BBB-2829-4D65-AA26-737E2AABEA84}
	EndGlobalSection
EndGlobal
